
Microsoft Visual Studio Solution File, Format Version 12.00
# Visual Studio Version 17
VisualStudioVersion = 17.0.31903.59
MinimumVisualStudioVersion = 10.0.40219.1
Project("{FAE04EC0-301F-11D3-BF4B-00C04F79EFBC}") = "API", "API\API.csproj", "{D6C9FDE0-0175-4881-95D4-78048070208C}"
EndProject
Project("{FAE04EC0-301F-11D3-BF4B-00C04F79EFBC}") = "Application", "Application\Application.csproj", "{F87EBF2D-28B1-4DE9-8E7C-04431C720124}"
EndProject
Project("{FAE04EC0-301F-11D3-BF4B-00C04F79EFBC}") = "Domain", "Domain\Domain.csproj", "{4691AF35-7C7C-4C36-824D-D1EAF2CDFD8C}"
EndProject
Project("{FAE04EC0-301F-11D3-BF4B-00C04F79EFBC}") = "Persistence", "Persistence\Persistence.csproj", "{D6614A96-18D2-4B18-9871-A48276BD57B6}"
EndProject
Global
	GlobalSection(SolutionConfigurationPlatforms) = preSolution
		Debug|Any CPU = Debug|Any CPU
		Release|Any CPU = Release|Any CPU
	EndGlobalSection
	GlobalSection(SolutionProperties) = preSolution
		HideSolutionNode = FALSE
	EndGlobalSection
	GlobalSection(ProjectConfigurationPlatforms) = postSolution
		{D6C9FDE0-0175-4881-95D4-78048070208C}.Debug|Any CPU.ActiveCfg = Debug|Any CPU
		{D6C9FDE0-0175-4881-95D4-78048070208C}.Debug|Any CPU.Build.0 = Debug|Any CPU
		{D6C9FDE0-0175-4881-95D4-78048070208C}.Release|Any CPU.ActiveCfg = Release|Any CPU
		{D6C9FDE0-0175-4881-95D4-78048070208C}.Release|Any CPU.Build.0 = Release|Any CPU
		{F87EBF2D-28B1-4DE9-8E7C-04431C720124}.Debug|Any CPU.ActiveCfg = Debug|Any CPU
		{F87EBF2D-28B1-4DE9-8E7C-04431C720124}.Debug|Any CPU.Build.0 = Debug|Any CPU
		{F87EBF2D-28B1-4DE9-8E7C-04431C720124}.Release|Any CPU.ActiveCfg = Release|Any CPU
		{F87EBF2D-28B1-4DE9-8E7C-04431C720124}.Release|Any CPU.Build.0 = Release|Any CPU
		{4691AF35-7C7C-4C36-824D-D1EAF2CDFD8C}.Debug|Any CPU.ActiveCfg = Debug|Any CPU
		{4691AF35-7C7C-4C36-824D-D1EAF2CDFD8C}.Debug|Any CPU.Build.0 = Debug|Any CPU
		{4691AF35-7C7C-4C36-824D-D1EAF2CDFD8C}.Release|Any CPU.ActiveCfg = Release|Any CPU
		{4691AF35-7C7C-4C36-824D-D1EAF2CDFD8C}.Release|Any CPU.Build.0 = Release|Any CPU
		{D6614A96-18D2-4B18-9871-A48276BD57B6}.Debug|Any CPU.ActiveCfg = Debug|Any CPU
		{D6614A96-18D2-4B18-9871-A48276BD57B6}.Debug|Any CPU.Build.0 = Debug|Any CPU
		{D6614A96-18D2-4B18-9871-A48276BD57B6}.Release|Any CPU.ActiveCfg = Release|Any CPU
		{D6614A96-18D2-4B18-9871-A48276BD57B6}.Release|Any CPU.Build.0 = Release|Any CPU
	EndGlobalSection
EndGlobal
